
Microsoft Visual Studio Solution File, Format Version 12.00
# Visual Studio Version 16
VisualStudioVersion = 16.0.31112.23
MinimumVisualStudioVersion = 10.0.40219.1
Project("{9A19103F-16F7-4668-BE54-9A1E7A4F7556}") = "Processor", "Processor\Processor.csproj", "{0042515E-3233-485A-BAB5-467CE30626A4}"
EndProject
Global
	GlobalSection(SolutionConfigurationPlatforms) = preSolution
		Debug|Any CPU = Debug|Any CPU
		Release|Any CPU = Release|Any CPU
	EndGlobalSection
	GlobalSection(ProjectConfigurationPlatforms) = postSolution
		{0042515E-3233-485A-BAB5-467CE30626A4}.Debug|Any CPU.ActiveCfg = Debug|Any CPU
		{0042515E-3233-485A-BAB5-467CE30626A4}.Debug|Any CPU.Build.0 = Debug|Any CPU
		{0042515E-3233-485A-BAB5-467CE30626A4}.Release|Any CPU.ActiveCfg = Release|Any CPU
		{0042515E-3233-485A-BAB5-467CE30626A4}.Release|Any CPU.Build.0 = Release|Any CPU
	EndGlobalSection
	GlobalSection(SolutionProperties) = preSolution
		HideSolutionNode = FALSE
	EndGlobalSection
	GlobalSection(ExtensibilityGlobals) = postSolution
		SolutionGuid = {F948AB53-B73C-4986-9A0D-3BBEBD33E7B3}
	EndGlobalSection
EndGlobal
